
Microsoft Visual Studio Solution File, Format Version 12.00
# Visual Studio Version 17
VisualStudioVersion = 17.2.32630.192
MinimumVisualStudioVersion = 10.0.40219.1
Project("{FAE04EC0-301F-11D3-BF4B-00C04F79EFBC}") = "Buoi6_TrenLop", "Buoi6_TrenLop\Buoi6_TrenLop.csproj", "{8FD20CA6-73DE-4F83-BBA3-C5765612C9EF}"
EndProject
Global
	GlobalSection(SolutionConfigurationPlatforms) = preSolution
		Debug|Any CPU = Debug|Any CPU
		Release|Any CPU = Release|Any CPU
	EndGlobalSection
	GlobalSection(ProjectConfigurationPlatforms) = postSolution
		{8FD20CA6-73DE-4F83-BBA3-C5765612C9EF}.Debug|Any CPU.ActiveCfg = Debug|Any CPU
		{8FD20CA6-73DE-4F83-BBA3-C5765612C9EF}.Debug|Any CPU.Build.0 = Debug|Any CPU
		{8FD20CA6-73DE-4F83-BBA3-C5765612C9EF}.Release|Any CPU.ActiveCfg = Release|Any CPU
		{8FD20CA6-73DE-4F83-BBA3-C5765612C9EF}.Release|Any CPU.Build.0 = Release|Any CPU
	EndGlobalSection
	GlobalSection(SolutionProperties) = preSolution
		HideSolutionNode = FALSE
	EndGlobalSection
	GlobalSection(ExtensibilityGlobals) = postSolution
		SolutionGuid = {7FD474D9-9C01-4F13-B1C9-154B39BDC2FC}
	EndGlobalSection
EndGlobal
